
Microsoft Visual Studio Solution File, Format Version 12.00
# Visual Studio Version 17
VisualStudioVersion = 17.14.36908.2
MinimumVisualStudioVersion = 10.0.40219.1
Project("{8BC9CEB8-8B4A-11D0-8D11-00A0C91BC942}") = "Sandbox", "Sandbox\Sandbox.vcxproj", "{ACD5486C-B4BD-4A0F-BD80-AE09E8EE6112}"
EndProject
Project("{8BC9CEB8-8B4A-11D0-8D11-00A0C91BC942}") = "Booksmart", "Booksmart\Booksmart.vcxproj", "{1581813E-FD00-4A63-9D78-EFF2A98B8DB1}"
EndProject
Global
	GlobalSection(SolutionConfigurationPlatforms) = preSolution
		Debug|x64 = Debug|x64
		Release|x64 = Release|x64
	EndGlobalSection
	GlobalSection(ProjectConfigurationPlatforms) = postSolution
		{ACD5486C-B4BD-4A0F-BD80-AE09E8EE6112}.Debug|x64.ActiveCfg = Debug|x64
		{ACD5486C-B4BD-4A0F-BD80-AE09E8EE6112}.Debug|x64.Build.0 = Debug|x64
		{ACD5486C-B4BD-4A0F-BD80-AE09E8EE6112}.Release|x64.ActiveCfg = Release|x64
		{ACD5486C-B4BD-4A0F-BD80-AE09E8EE6112}.Release|x64.Build.0 = Release|x64
		{1581813E-FD00-4A63-9D78-EFF2A98B8DB1}.Debug|x64.ActiveCfg = Debug|x64
		{1581813E-FD00-4A63-9D78-EFF2A98B8DB1}.Debug|x64.Build.0 = Debug|x64
		{1581813E-FD00-4A63-9D78-EFF2A98B8DB1}.Release|x64.ActiveCfg = Release|x64
		{1581813E-FD00-4A63-9D78-EFF2A98B8DB1}.Release|x64.Build.0 = Release|x64
	EndGlobalSection
	GlobalSection(SolutionProperties) = preSolution
		HideSolutionNode = FALSE
	EndGlobalSection
	GlobalSection(ExtensibilityGlobals) = postSolution
		SolutionGuid = {C9D72AFE-1B3D-4AB6-B7FC-9B4B34D573E3}
	EndGlobalSection
EndGlobal
